{
  "pins" : [
    {
      "identity" : "purchases-ios",
      "kind" : "remoteSourceControl",
      "location" : "https://github.com/RevenueCat/purchases-ios.git",
      "state" : {
        "revision" : "e1c6a514dc49a1c5e22d989ab4d7bca00e361098",
        "version" : "4.32.3"
      }
    }
  ],
  "version" : 2
}
