// !$*UTF8*$!
{
	archiveVersion = 1;
	classes = {
	};
	objectVersion = 56;
	objects = {

/* Begin PBXBuildFile section */
		440157F32B6AC71F00AD2EC3 /* Constants.swift in Sources */ = {isa = PBXBuildFile; fileRef = 440157F22B6AC71F00AD2EC3 /* Constants.swift */; };
		440B74442B69794A0060974A /* HapticEvents.swift in Sources */ = {isa = PBXBuildFile; fileRef = 440B74422B6979490060974A /* HapticEvents.swift */; };
		440B74452B69794A0060974A /* HapticType.swift in Sources */ = {isa = PBXBuildFile; fileRef = 440B74432B69794A0060974A /* HapticType.swift */; };
		440B74472B6984650060974A /* MailView.swift in Sources */ = {isa = PBXBuildFile; fileRef = 440B74462B6984650060974A /* MailView.swift */; };
		440B74492B69865D0060974A /* Bundle-Extensions.swift in Sources */ = {isa = PBXBuildFile; fileRef = 440B74482B69865D0060974A /* Bundle-Extensions.swift */; };
		440B744D2B69898F0060974A /* SettingsViewModel.swift in Sources */ = {isa = PBXBuildFile; fileRef = 440B744C2B69898F0060974A /* SettingsViewModel.swift */; };
		440B744F2B6997590060974A /* Localizable.xcstrings in Resources */ = {isa = PBXBuildFile; fileRef = 440B744E2B6997590060974A /* Localizable.xcstrings */; };
		441B21972B62332300CF4DFF /* TheHapticApp.swift in Sources */ = {isa = PBXBuildFile; fileRef = 441B21962B62332300CF4DFF /* TheHapticApp.swift */; };
		441B219B2B62332400CF4DFF /* Assets.xcassets in Resources */ = {isa = PBXBuildFile; fileRef = 441B219A2B62332400CF4DFF /* Assets.xcassets */; };
		441B219E2B62332400CF4DFF /* Preview Assets.xcassets in Resources */ = {isa = PBXBuildFile; fileRef = 441B219D2B62332400CF4DFF /* Preview Assets.xcassets */; };
		441B21A62B62340000CF4DFF /* HapticEngine.swift in Sources */ = {isa = PBXBuildFile; fileRef = 441B21A52B62340000CF4DFF /* HapticEngine.swift */; };
		441B21B22B62BB2200CF4DFF /* MainView.swift in Sources */ = {isa = PBXBuildFile; fileRef = 441B21B12B62BB2200CF4DFF /* MainView.swift */; };
		441B21B52B62BB7C00CF4DFF /* Color-Extensions.swift in Sources */ = {isa = PBXBuildFile; fileRef = 441B21B42B62BB7C00CF4DFF /* Color-Extensions.swift */; };
		441B21B82B62D87900CF4DFF /* HapticPlaying.swift in Sources */ = {isa = PBXBuildFile; fileRef = 441B21B72B62D87900CF4DFF /* HapticPlaying.swift */; };
		442F97BB2B72B8EA0061C724 /* Purchases-Extension.swift in Sources */ = {isa = PBXBuildFile; fileRef = 442F97BA2B72B8EA0061C724 /* Purchases-Extension.swift */; };
		442F97C32B72BA5A0061C724 /* SettingsViewModelUnitTests.swift in Sources */ = {isa = PBXBuildFile; fileRef = 442F97C22B72BA5A0061C724 /* SettingsViewModelUnitTests.swift */; };
		442F97D12B72CCCA0061C724 /* TheHapticAppOnboardingUITests.swift in Sources */ = {isa = PBXBuildFile; fileRef = 442F97D02B72CCCA0061C724 /* TheHapticAppOnboardingUITests.swift */; };
		443ED92D2B6C167700FF9FE6 /* TitleView.swift in Sources */ = {isa = PBXBuildFile; fileRef = 443ED92C2B6C167700FF9FE6 /* TitleView.swift */; };
		443ED92F2B6C176A00FF9FE6 /* SettingsView.swift in Sources */ = {isa = PBXBuildFile; fileRef = 443ED92E2B6C176A00FF9FE6 /* SettingsView.swift */; };
		443ED9312B6C32A300FF9FE6 /* LinkListButton.swift in Sources */ = {isa = PBXBuildFile; fileRef = 443ED9302B6C32A300FF9FE6 /* LinkListButton.swift */; };
		443ED9332B6C3E0A00FF9FE6 /* AboutView.swift in Sources */ = {isa = PBXBuildFile; fileRef = 443ED9322B6C3E0A00FF9FE6 /* AboutView.swift */; };
		44490C862B7AE6A400C185B9 /* HapticGridUIKit.swift in Sources */ = {isa = PBXBuildFile; fileRef = 44490C852B7AE6A400C185B9 /* HapticGridUIKit.swift */; };
		4450CA052B684DDA008093B6 /* Configuration.storekit in Resources */ = {isa = PBXBuildFile; fileRef = 4450CA042B684DDA008093B6 /* Configuration.storekit */; };
		4450CA0A2B685069008093B6 /* RevenueCat in Frameworks */ = {isa = PBXBuildFile; productRef = 4450CA092B685069008093B6 /* RevenueCat */; };
		4450CA0C2B685069008093B6 /* RevenueCatUI in Frameworks */ = {isa = PBXBuildFile; productRef = 4450CA0B2B685069008093B6 /* RevenueCatUI */; };
		4450CA0F2B68507E008093B6 /* StoreKit.framework in Frameworks */ = {isa = PBXBuildFile; fileRef = 4450CA0E2B68507E008093B6 /* StoreKit.framework */; };
		4450CA182B685652008093B6 /* Secrets.swift in Sources */ = {isa = PBXBuildFile; fileRef = 4450CA172B685652008093B6 /* Secrets.swift */; };
		4465D2B12B64093300BD0B01 /* OnboardingView.swift in Sources */ = {isa = PBXBuildFile; fileRef = 4465D2B02B64093300BD0B01 /* OnboardingView.swift */; };
		4465D2B32B64139F00BD0B01 /* Shimmer.swift in Sources */ = {isa = PBXBuildFile; fileRef = 4465D2B22B64139F00BD0B01 /* Shimmer.swift */; };
		4465D2B82B642A4900BD0B01 /* HapticDot.swift in Sources */ = {isa = PBXBuildFile; fileRef = 4465D2B72B642A4900BD0B01 /* HapticDot.swift */; };
		4465D2BA2B642B0400BD0B01 /* HapticDotPreferenceKey.swift in Sources */ = {isa = PBXBuildFile; fileRef = 4465D2B92B642B0400BD0B01 /* HapticDotPreferenceKey.swift */; };
		4465D2BC2B642C6000BD0B01 /* HapticGrid.swift in Sources */ = {isa = PBXBuildFile; fileRef = 4465D2BB2B642C6000BD0B01 /* HapticGrid.swift */; };
		4465D2C02B64320E00BD0B01 /* GridPoint.swift in Sources */ = {isa = PBXBuildFile; fileRef = 4465D2BF2B64320E00BD0B01 /* GridPoint.swift */; };
		4465D2C22B6433AF00BD0B01 /* CGRect-Extensions.swift in Sources */ = {isa = PBXBuildFile; fileRef = 4465D2C12B6433AF00BD0B01 /* CGRect-Extensions.swift */; };
		44BB04372B63169600865B00 /* RubberBanding.swift in Sources */ = {isa = PBXBuildFile; fileRef = 44BB04362B63169600865B00 /* RubberBanding.swift */; };
		44BB043B2B631B0E00865B00 /* SwipeToUnlock.swift in Sources */ = {isa = PBXBuildFile; fileRef = 44BB043A2B631B0E00865B00 /* SwipeToUnlock.swift */; };
		44E2090D2B741E3B00478687 /* TheHapticAppSettingsScreenUITests.swift in Sources */ = {isa = PBXBuildFile; fileRef = 44E2090C2B741E3B00478687 /* TheHapticAppSettingsScreenUITests.swift */; };
		44F855B02B68138000081920 /* ColorPicker.swift in Sources */ = {isa = PBXBuildFile; fileRef = 44F855AF2B68138000081920 /* ColorPicker.swift */; };
/* End PBXBuildFile section */

/* Begin PBXContainerItemProxy section */
		442F97C72B72BAC10061C724 /* PBXContainerItemProxy */ = {
			isa = PBXContainerItemProxy;
			containerPortal = 441B218B2B62332300CF4DFF /* Project object */;
			proxyType = 1;
			remoteGlobalIDString = 441B21922B62332300CF4DFF;
			remoteInfo = TheHapticApp;
		};
		442F97D72B72CCD60061C724 /* PBXContainerItemProxy */ = {
			isa = PBXContainerItemProxy;
			containerPortal = 441B218B2B62332300CF4DFF /* Project object */;
			proxyType = 1;
			remoteGlobalIDString = 441B21922B62332300CF4DFF;
			remoteInfo = TheHapticApp;
		};
/* End PBXContainerItemProxy section */

/* Begin PBXFileReference section */
		440157F02B6AC2D500AD2EC3 /* StoreKitTestCertificate.cer */ = {isa = PBXFileReference; lastKnownFileType = file; path = StoreKitTestCertificate.cer; sourceTree = "<group>"; };
		440157F22B6AC71F00AD2EC3 /* Constants.swift */ = {isa = PBXFileReference; lastKnownFileType = sourcecode.swift; path = Constants.swift; sourceTree = "<group>"; };
		440B74422B6979490060974A /* HapticEvents.swift */ = {isa = PBXFileReference; fileEncoding = 4; lastKnownFileType = sourcecode.swift; path = HapticEvents.swift; sourceTree = "<group>"; };
		440B74432B69794A0060974A /* HapticType.swift */ = {isa = PBXFileReference; fileEncoding = 4; lastKnownFileType = sourcecode.swift; path = HapticType.swift; sourceTree = "<group>"; };
		440B74462B6984650060974A /* MailView.swift */ = {isa = PBXFileReference; lastKnownFileType = sourcecode.swift; path = MailView.swift; sourceTree = "<group>"; };
		440B74482B69865D0060974A /* Bundle-Extensions.swift */ = {isa = PBXFileReference; lastKnownFileType = sourcecode.swift; path = "Bundle-Extensions.swift"; sourceTree = "<group>"; };
		440B744C2B69898F0060974A /* SettingsViewModel.swift */ = {isa = PBXFileReference; lastKnownFileType = sourcecode.swift; path = SettingsViewModel.swift; sourceTree = "<group>"; };
		440B744E2B6997590060974A /* Localizable.xcstrings */ = {isa = PBXFileReference; lastKnownFileType = text.json.xcstrings; path = Localizable.xcstrings; sourceTree = "<group>"; };
		441B21932B62332300CF4DFF /* TheHapticApp.app */ = {isa = PBXFileReference; explicitFileType = wrapper.application; includeInIndex = 0; path = TheHapticApp.app; sourceTree = BUILT_PRODUCTS_DIR; };
		441B21962B62332300CF4DFF /* TheHapticApp.swift */ = {isa = PBXFileReference; lastKnownFileType = sourcecode.swift; path = TheHapticApp.swift; sourceTree = "<group>"; };
		441B219A2B62332400CF4DFF /* Assets.xcassets */ = {isa = PBXFileReference; lastKnownFileType = folder.assetcatalog; path = Assets.xcassets; sourceTree = "<group>"; };
		441B219D2B62332400CF4DFF /* Preview Assets.xcassets */ = {isa = PBXFileReference; lastKnownFileType = folder.assetcatalog; path = "Preview Assets.xcassets"; sourceTree = "<group>"; };
		441B21A52B62340000CF4DFF /* HapticEngine.swift */ = {isa = PBXFileReference; lastKnownFileType = sourcecode.swift; path = HapticEngine.swift; sourceTree = "<group>"; };
		441B21B12B62BB2200CF4DFF /* MainView.swift */ = {isa = PBXFileReference; lastKnownFileType = sourcecode.swift; path = MainView.swift; sourceTree = "<group>"; };
		441B21B42B62BB7C00CF4DFF /* Color-Extensions.swift */ = {isa = PBXFileReference; lastKnownFileType = sourcecode.swift; path = "Color-Extensions.swift"; sourceTree = "<group>"; };
		441B21B72B62D87900CF4DFF /* HapticPlaying.swift */ = {isa = PBXFileReference; lastKnownFileType = sourcecode.swift; path = HapticPlaying.swift; sourceTree = "<group>"; };
		442F97BA2B72B8EA0061C724 /* Purchases-Extension.swift */ = {isa = PBXFileReference; lastKnownFileType = sourcecode.swift; path = "Purchases-Extension.swift"; sourceTree = "<group>"; };
		442F97C02B72BA5A0061C724 /* TheHapticAppUnitTests.xctest */ = {isa = PBXFileReference; explicitFileType = wrapper.cfbundle; includeInIndex = 0; path = TheHapticAppUnitTests.xctest; sourceTree = BUILT_PRODUCTS_DIR; };
		442F97C22B72BA5A0061C724 /* SettingsViewModelUnitTests.swift */ = {isa = PBXFileReference; lastKnownFileType = sourcecode.swift; path = SettingsViewModelUnitTests.swift; sourceTree = "<group>"; };
		442F97C92B72CB720061C724 /* TheHapticAppStoreKit.xctestplan */ = {isa = PBXFileReference; lastKnownFileType = text; path = TheHapticAppStoreKit.xctestplan; sourceTree = "<group>"; };
		442F97CE2B72CCCA0061C724 /* TheHapticAppUITests.xctest */ = {isa = PBXFileReference; explicitFileType = wrapper.cfbundle; includeInIndex = 0; path = TheHapticAppUITests.xctest; sourceTree = BUILT_PRODUCTS_DIR; };
		442F97D02B72CCCA0061C724 /* TheHapticAppOnboardingUITests.swift */ = {isa = PBXFileReference; lastKnownFileType = sourcecode.swift; path = TheHapticAppOnboardingUITests.swift; sourceTree = "<group>"; };
		443ED92C2B6C167700FF9FE6 /* TitleView.swift */ = {isa = PBXFileReference; fileEncoding = 4; lastKnownFileType = sourcecode.swift; path = TitleView.swift; sourceTree = "<group>"; };
		443ED92E2B6C176A00FF9FE6 /* SettingsView.swift */ = {isa = PBXFileReference; lastKnownFileType = sourcecode.swift; path = SettingsView.swift; sourceTree = "<group>"; };
		443ED9302B6C32A300FF9FE6 /* LinkListButton.swift */ = {isa = PBXFileReference; lastKnownFileType = sourcecode.swift; path = LinkListButton.swift; sourceTree = "<group>"; };
		443ED9322B6C3E0A00FF9FE6 /* AboutView.swift */ = {isa = PBXFileReference; lastKnownFileType = sourcecode.swift; path = AboutView.swift; sourceTree = "<group>"; };
		44490C852B7AE6A400C185B9 /* HapticGridUIKit.swift */ = {isa = PBXFileReference; lastKnownFileType = sourcecode.swift; path = HapticGridUIKit.swift; sourceTree = "<group>"; };
		4450CA042B684DDA008093B6 /* Configuration.storekit */ = {isa = PBXFileReference; lastKnownFileType = text; path = Configuration.storekit; sourceTree = "<group>"; };
		4450CA0E2B68507E008093B6 /* StoreKit.framework */ = {isa = PBXFileReference; lastKnownFileType = wrapper.framework; name = StoreKit.framework; path = System/Library/Frameworks/StoreKit.framework; sourceTree = SDKROOT; };
		4450CA152B6854AA008093B6 /* Info.plist */ = {isa = PBXFileReference; lastKnownFileType = text.plist; path = Info.plist; sourceTree = "<group>"; };
		4450CA172B685652008093B6 /* Secrets.swift */ = {isa = PBXFileReference; lastKnownFileType = sourcecode.swift; path = Secrets.swift; sourceTree = "<group>"; };
		4465D2B02B64093300BD0B01 /* OnboardingView.swift */ = {isa = PBXFileReference; lastKnownFileType = sourcecode.swift; path = OnboardingView.swift; sourceTree = "<group>"; };
		4465D2B22B64139F00BD0B01 /* Shimmer.swift */ = {isa = PBXFileReference; lastKnownFileType = sourcecode.swift; path = Shimmer.swift; sourceTree = "<group>"; };
		4465D2B72B642A4900BD0B01 /* HapticDot.swift */ = {isa = PBXFileReference; lastKnownFileType = sourcecode.swift; path = HapticDot.swift; sourceTree = "<group>"; };
		4465D2B92B642B0400BD0B01 /* HapticDotPreferenceKey.swift */ = {isa = PBXFileReference; lastKnownFileType = sourcecode.swift; path = HapticDotPreferenceKey.swift; sourceTree = "<group>"; };
		4465D2BB2B642C6000BD0B01 /* HapticGrid.swift */ = {isa = PBXFileReference; lastKnownFileType = sourcecode.swift; path = HapticGrid.swift; sourceTree = "<group>"; };
		4465D2BF2B64320E00BD0B01 /* GridPoint.swift */ = {isa = PBXFileReference; lastKnownFileType = sourcecode.swift; path = GridPoint.swift; sourceTree = "<group>"; };
		4465D2C12B6433AF00BD0B01 /* CGRect-Extensions.swift */ = {isa = PBXFileReference; lastKnownFileType = sourcecode.swift; path = "CGRect-Extensions.swift"; sourceTree = "<group>"; };
		44BB04362B63169600865B00 /* RubberBanding.swift */ = {isa = PBXFileReference; lastKnownFileType = sourcecode.swift; path = RubberBanding.swift; sourceTree = "<group>"; };
		44BB043A2B631B0E00865B00 /* SwipeToUnlock.swift */ = {isa = PBXFileReference; lastKnownFileType = sourcecode.swift; path = SwipeToUnlock.swift; sourceTree = "<group>"; };
		44E2090C2B741E3B00478687 /* TheHapticAppSettingsScreenUITests.swift */ = {isa = PBXFileReference; lastKnownFileType = sourcecode.swift; path = TheHapticAppSettingsScreenUITests.swift; sourceTree = "<group>"; };
		44F855AF2B68138000081920 /* ColorPicker.swift */ = {isa = PBXFileReference; lastKnownFileType = sourcecode.swift; path = ColorPicker.swift; sourceTree = "<group>"; };
/* End PBXFileReference section */

/* Begin PBXFrameworksBuildPhase section */
		441B21902B62332300CF4DFF /* Frameworks */ = {
			isa = PBXFrameworksBuildPhase;
			buildActionMask = 2147483647;
			files = (
				4450CA0F2B68507E008093B6 /* StoreKit.framework in Frameworks */,
				4450CA0C2B685069008093B6 /* RevenueCatUI in Frameworks */,
				4450CA0A2B685069008093B6 /* RevenueCat in Frameworks */,
			);
			runOnlyForDeploymentPostprocessing = 0;
		};
		442F97BD2B72BA590061C724 /* Frameworks */ = {
			isa = PBXFrameworksBuildPhase;
			buildActionMask = 2147483647;
			files = (
			);
			runOnlyForDeploymentPostprocessing = 0;
		};
		442F97CB2B72CCCA0061C724 /* Frameworks */ = {
			isa = PBXFrameworksBuildPhase;
			buildActionMask = 2147483647;
			files = (
			);
			runOnlyForDeploymentPostprocessing = 0;
		};
/* End PBXFrameworksBuildPhase section */

/* Begin PBXGroup section */
		440157F12B6AC70F00AD2EC3 /* AppConstants */ = {
			isa = PBXGroup;
			children = (
				4450CA172B685652008093B6 /* Secrets.swift */,
				440157F22B6AC71F00AD2EC3 /* Constants.swift */,
			);
			path = AppConstants;
			sourceTree = "<group>";
		};
		440B74412B6979070060974A /* Haptics */ = {
			isa = PBXGroup;
			children = (
				440B74422B6979490060974A /* HapticEvents.swift */,
				440B74432B69794A0060974A /* HapticType.swift */,
				441B21A52B62340000CF4DFF /* HapticEngine.swift */,
				441B21B72B62D87900CF4DFF /* HapticPlaying.swift */,
			);
			path = Haptics;
			sourceTree = "<group>";
		};
		440B744B2B6989850060974A /* ViewModels */ = {
			isa = PBXGroup;
			children = (
				440B744C2B69898F0060974A /* SettingsViewModel.swift */,
			);
			path = ViewModels;
			sourceTree = "<group>";
		};
		441B218A2B62332300CF4DFF = {
			isa = PBXGroup;
			children = (
				442F97C92B72CB720061C724 /* TheHapticAppStoreKit.xctestplan */,
				440B744E2B6997590060974A /* Localizable.xcstrings */,
				4450CA042B684DDA008093B6 /* Configuration.storekit */,
				440157F02B6AC2D500AD2EC3 /* StoreKitTestCertificate.cer */,
				441B21952B62332300CF4DFF /* TheHapticApp */,
				442F97C12B72BA5A0061C724 /* TheHapticAppUnitTests */,
				442F97CF2B72CCCA0061C724 /* TheHapticAppUITests */,
				441B21942B62332300CF4DFF /* Products */,
				4450CA0D2B68507E008093B6 /* Frameworks */,
			);
			sourceTree = "<group>";
		};
		441B21942B62332300CF4DFF /* Products */ = {
			isa = PBXGroup;
			children = (
				441B21932B62332300CF4DFF /* TheHapticApp.app */,
				442F97C02B72BA5A0061C724 /* TheHapticAppUnitTests.xctest */,
				442F97CE2B72CCCA0061C724 /* TheHapticAppUITests.xctest */,
			);
			name = Products;
			sourceTree = "<group>";
		};
		441B21952B62332300CF4DFF /* TheHapticApp */ = {
			isa = PBXGroup;
			children = (
				4450CA152B6854AA008093B6 /* Info.plist */,
				441B21962B62332300CF4DFF /* TheHapticApp.swift */,
				440157F12B6AC70F00AD2EC3 /* AppConstants */,
				441B21B62B62D75E00CF4DFF /* Views */,
				440B744B2B6989850060974A /* ViewModels */,
				4465D2AF2B64092200BD0B01 /* Subviews */,
				441B21A42B6233E900CF4DFF /* Effects */,
				441B21B32B62BB7100CF4DFF /* Extensions */,
				441B219A2B62332400CF4DFF /* Assets.xcassets */,
				441B219C2B62332400CF4DFF /* Preview Content */,
			);
			path = TheHapticApp;
			sourceTree = "<group>";
		};
		441B219C2B62332400CF4DFF /* Preview Content */ = {
			isa = PBXGroup;
			children = (
				441B219D2B62332400CF4DFF /* Preview Assets.xcassets */,
			);
			path = "Preview Content";
			sourceTree = "<group>";
		};
		441B21A42B6233E900CF4DFF /* Effects */ = {
			isa = PBXGroup;
			children = (
				440B74412B6979070060974A /* Haptics */,
				44BB04362B63169600865B00 /* RubberBanding.swift */,
				4465D2B22B64139F00BD0B01 /* Shimmer.swift */,
			);
			path = Effects;
			sourceTree = "<group>";
		};
		441B21B32B62BB7100CF4DFF /* Extensions */ = {
			isa = PBXGroup;
			children = (
				441B21B42B62BB7C00CF4DFF /* Color-Extensions.swift */,
				4465D2C12B6433AF00BD0B01 /* CGRect-Extensions.swift */,
				440B74482B69865D0060974A /* Bundle-Extensions.swift */,
				442F97BA2B72B8EA0061C724 /* Purchases-Extension.swift */,
			);
			path = Extensions;
			sourceTree = "<group>";
		};
		441B21B62B62D75E00CF4DFF /* Views */ = {
			isa = PBXGroup;
			children = (
				441B21B12B62BB2200CF4DFF /* MainView.swift */,
				4465D2B02B64093300BD0B01 /* OnboardingView.swift */,
				440B74462B6984650060974A /* MailView.swift */,
				443ED92E2B6C176A00FF9FE6 /* SettingsView.swift */,
				443ED9322B6C3E0A00FF9FE6 /* AboutView.swift */,
			);
			path = Views;
			sourceTree = "<group>";
		};
		442F97C12B72BA5A0061C724 /* TheHapticAppUnitTests */ = {
			isa = PBXGroup;
			children = (
				442F97C22B72BA5A0061C724 /* SettingsViewModelUnitTests.swift */,
			);
			path = TheHapticAppUnitTests;
			sourceTree = "<group>";
		};
		442F97CF2B72CCCA0061C724 /* TheHapticAppUITests */ = {
			isa = PBXGroup;
			children = (
				442F97D02B72CCCA0061C724 /* TheHapticAppOnboardingUITests.swift */,
				44E2090C2B741E3B00478687 /* TheHapticAppSettingsScreenUITests.swift */,
			);
			path = TheHapticAppUITests;
			sourceTree = "<group>";
		};
		44490C842B7AE69100C185B9 /* HapticGridUIKit */ = {
			isa = PBXGroup;
			children = (
				44490C852B7AE6A400C185B9 /* HapticGridUIKit.swift */,
			);
			path = HapticGridUIKit;
			sourceTree = "<group>";
		};
		4450CA0D2B68507E008093B6 /* Frameworks */ = {
			isa = PBXGroup;
			children = (
				4450CA0E2B68507E008093B6 /* StoreKit.framework */,
			);
			name = Frameworks;
			sourceTree = "<group>";
		};
		4465D2AF2B64092200BD0B01 /* Subviews */ = {
			isa = PBXGroup;
			children = (
				44490C842B7AE69100C185B9 /* HapticGridUIKit */,
				44F855AE2B68137500081920 /* ColorPicker */,
				4465D2B62B642A3B00BD0B01 /* HapticGrid */,
				443ED92C2B6C167700FF9FE6 /* TitleView.swift */,
				44BB043A2B631B0E00865B00 /* SwipeToUnlock.swift */,
				443ED9302B6C32A300FF9FE6 /* LinkListButton.swift */,
			);
			path = Subviews;
			sourceTree = "<group>";
		};
		4465D2B62B642A3B00BD0B01 /* HapticGrid */ = {
			isa = PBXGroup;
			children = (
				4465D2BF2B64320E00BD0B01 /* GridPoint.swift */,
				4465D2B72B642A4900BD0B01 /* HapticDot.swift */,
				4465D2B92B642B0400BD0B01 /* HapticDotPreferenceKey.swift */,
				4465D2BB2B642C6000BD0B01 /* HapticGrid.swift */,
			);
			path = HapticGrid;
			sourceTree = "<group>";
		};
		44F855AE2B68137500081920 /* ColorPicker */ = {
			isa = PBXGroup;
			children = (
				44F855AF2B68138000081920 /* ColorPicker.swift */,
			);
			path = ColorPicker;
			sourceTree = "<group>";
		};
/* End PBXGroup section */

/* Begin PBXNativeTarget section */
		441B21922B62332300CF4DFF /* TheHapticApp */ = {
			isa = PBXNativeTarget;
			buildConfigurationList = 441B21A12B62332400CF4DFF /* Build configuration list for PBXNativeTarget "TheHapticApp" */;
			buildPhases = (
				441B218F2B62332300CF4DFF /* Sources */,
				441B21902B62332300CF4DFF /* Frameworks */,
				441B21912B62332300CF4DFF /* Resources */,
			);
			buildRules = (
			);
			dependencies = (
			);
			name = TheHapticApp;
			packageProductDependencies = (
				4450CA092B685069008093B6 /* RevenueCat */,
				4450CA0B2B685069008093B6 /* RevenueCatUI */,
			);
			productName = TheHapticApp;
			productReference = 441B21932B62332300CF4DFF /* TheHapticApp.app */;
			productType = "com.apple.product-type.application";
		};
		442F97BF2B72BA590061C724 /* TheHapticAppUnitTests */ = {
			isa = PBXNativeTarget;
			buildConfigurationList = 442F97C42B72BA5A0061C724 /* Build configuration list for PBXNativeTarget "TheHapticAppUnitTests" */;
			buildPhases = (
				442F97BC2B72BA590061C724 /* Sources */,
				442F97BD2B72BA590061C724 /* Frameworks */,
				442F97BE2B72BA590061C724 /* Resources */,
			);
			buildRules = (
			);
			dependencies = (
				442F97C82B72BAC10061C724 /* PBXTargetDependency */,
			);
			name = TheHapticAppUnitTests;
			productName = TheHapticAppUnitTests;
			productReference = 442F97C02B72BA5A0061C724 /* TheHapticAppUnitTests.xctest */;
			productType = "com.apple.product-type.bundle.unit-test";
		};
		442F97CD2B72CCCA0061C724 /* TheHapticAppUITests */ = {
			isa = PBXNativeTarget;
			buildConfigurationList = 442F97D42B72CCCA0061C724 /* Build configuration list for PBXNativeTarget "TheHapticAppUITests" */;
			buildPhases = (
				442F97CA2B72CCCA0061C724 /* Sources */,
				442F97CB2B72CCCA0061C724 /* Frameworks */,
				442F97CC2B72CCCA0061C724 /* Resources */,
			);
			buildRules = (
			);
			dependencies = (
				442F97D82B72CCD60061C724 /* PBXTargetDependency */,
			);
			name = TheHapticAppUITests;
			productName = TheHapticAppUITests;
			productReference = 442F97CE2B72CCCA0061C724 /* TheHapticAppUITests.xctest */;
			productType = "com.apple.product-type.bundle.ui-testing";
		};
/* End PBXNativeTarget section */

/* Begin PBXProject section */
		441B218B2B62332300CF4DFF /* Project object */ = {
			isa = PBXProject;
			attributes = {
				BuildIndependentTargetsInParallel = 1;
				LastSwiftUpdateCheck = 1520;
				LastUpgradeCheck = 1520;
				TargetAttributes = {
					441B21922B62332300CF4DFF = {
						CreatedOnToolsVersion = 15.2;
					};
					442F97BF2B72BA590061C724 = {
						CreatedOnToolsVersion = 15.2;
						TestTargetID = 441B21922B62332300CF4DFF;
					};
					442F97CD2B72CCCA0061C724 = {
						CreatedOnToolsVersion = 15.2;
						TestTargetID = 441B21922B62332300CF4DFF;
					};
				};
			};
			buildConfigurationList = 441B218E2B62332300CF4DFF /* Build configuration list for PBXProject "TheHapticApp" */;
			compatibilityVersion = "Xcode 14.0";
			developmentRegion = en;
			hasScannedForEncodings = 0;
			knownRegions = (
				en,
				Base,
			);
			mainGroup = 441B218A2B62332300CF4DFF;
			packageReferences = (
				4450CA082B685069008093B6 /* XCRemoteSwiftPackageReference "purchases-ios" */,
			);
			productRefGroup = 441B21942B62332300CF4DFF /* Products */;
			projectDirPath = "";
			projectRoot = "";
			targets = (
				441B21922B62332300CF4DFF /* TheHapticApp */,
				442F97BF2B72BA590061C724 /* TheHapticAppUnitTests */,
				442F97CD2B72CCCA0061C724 /* TheHapticAppUITests */,
			);
		};
/* End PBXProject section */

/* Begin PBXResourcesBuildPhase section */
		441B21912B62332300CF4DFF /* Resources */ = {
			isa = PBXResourcesBuildPhase;
			buildActionMask = 2147483647;
			files = (
				440B744F2B6997590060974A /* Localizable.xcstrings in Resources */,
				441B219E2B62332400CF4DFF /* Preview Assets.xcassets in Resources */,
				4450CA052B684DDA008093B6 /* Configuration.storekit in Resources */,
				441B219B2B62332400CF4DFF /* Assets.xcassets in Resources */,
			);
			runOnlyForDeploymentPostprocessing = 0;
		};
		442F97BE2B72BA590061C724 /* Resources */ = {
			isa = PBXResourcesBuildPhase;
			buildActionMask = 2147483647;
			files = (
			);
			runOnlyForDeploymentPostprocessing = 0;
		};
		442F97CC2B72CCCA0061C724 /* Resources */ = {
			isa = PBXResourcesBuildPhase;
			buildActionMask = 2147483647;
			files = (
			);
			runOnlyForDeploymentPostprocessing = 0;
		};
/* End PBXResourcesBuildPhase section */

/* Begin PBXSourcesBuildPhase section */
		441B218F2B62332300CF4DFF /* Sources */ = {
			isa = PBXSourcesBuildPhase;
			buildActionMask = 2147483647;
			files = (
				442F97BB2B72B8EA0061C724 /* Purchases-Extension.swift in Sources */,
				44BB043B2B631B0E00865B00 /* SwipeToUnlock.swift in Sources */,
				4465D2C02B64320E00BD0B01 /* GridPoint.swift in Sources */,
				4465D2B82B642A4900BD0B01 /* HapticDot.swift in Sources */,
				4465D2BC2B642C6000BD0B01 /* HapticGrid.swift in Sources */,
				4465D2BA2B642B0400BD0B01 /* HapticDotPreferenceKey.swift in Sources */,
				441B21B52B62BB7C00CF4DFF /* Color-Extensions.swift in Sources */,
				4465D2C22B6433AF00BD0B01 /* CGRect-Extensions.swift in Sources */,
				440157F32B6AC71F00AD2EC3 /* Constants.swift in Sources */,
				44F855B02B68138000081920 /* ColorPicker.swift in Sources */,
				441B21B22B62BB2200CF4DFF /* MainView.swift in Sources */,
				440B74452B69794A0060974A /* HapticType.swift in Sources */,
				443ED92D2B6C167700FF9FE6 /* TitleView.swift in Sources */,
				441B21A62B62340000CF4DFF /* HapticEngine.swift in Sources */,
				440B74492B69865D0060974A /* Bundle-Extensions.swift in Sources */,
				440B744D2B69898F0060974A /* SettingsViewModel.swift in Sources */,
				441B21972B62332300CF4DFF /* TheHapticApp.swift in Sources */,
				440B74442B69794A0060974A /* HapticEvents.swift in Sources */,
				4450CA182B685652008093B6 /* Secrets.swift in Sources */,
				44BB04372B63169600865B00 /* RubberBanding.swift in Sources */,
				443ED9312B6C32A300FF9FE6 /* LinkListButton.swift in Sources */,
				44490C862B7AE6A400C185B9 /* HapticGridUIKit.swift in Sources */,
				443ED92F2B6C176A00FF9FE6 /* SettingsView.swift in Sources */,
				441B21B82B62D87900CF4DFF /* HapticPlaying.swift in Sources */,
				443ED9332B6C3E0A00FF9FE6 /* AboutView.swift in Sources */,
				4465D2B32B64139F00BD0B01 /* Shimmer.swift in Sources */,
				4465D2B12B64093300BD0B01 /* OnboardingView.swift in Sources */,
				440B74472B6984650060974A /* MailView.swift in Sources */,
			);
			runOnlyForDeploymentPostprocessing = 0;
		};
		442F97BC2B72BA590061C724 /* Sources */ = {
			isa = PBXSourcesBuildPhase;
			buildActionMask = 2147483647;
			files = (
				442F97C32B72BA5A0061C724 /* SettingsViewModelUnitTests.swift in Sources */,
			);
			runOnlyForDeploymentPostprocessing = 0;
		};
		442F97CA2B72CCCA0061C724 /* Sources */ = {
			isa = PBXSourcesBuildPhase;
			buildActionMask = 2147483647;
			files = (
				442F97D12B72CCCA0061C724 /* TheHapticAppOnboardingUITests.swift in Sources */,
				44E2090D2B741E3B00478687 /* TheHapticAppSettingsScreenUITests.swift in Sources */,
			);
			runOnlyForDeploymentPostprocessing = 0;
		};
/* End PBXSourcesBuildPhase section */

/* Begin PBXTargetDependency section */
		442F97C82B72BAC10061C724 /* PBXTargetDependency */ = {
			isa = PBXTargetDependency;
			target = 441B21922B62332300CF4DFF /* TheHapticApp */;
			targetProxy = 442F97C72B72BAC10061C724 /* PBXContainerItemProxy */;
		};
		442F97D82B72CCD60061C724 /* PBXTargetDependency */ = {
			isa = PBXTargetDependency;
			target = 441B21922B62332300CF4DFF /* TheHapticApp */;
			targetProxy = 442F97D72B72CCD60061C724 /* PBXContainerItemProxy */;
		};
/* End PBXTargetDependency section */

/* Begin XCBuildConfiguration section */
		441B219F2B62332400CF4DFF /* Debug */ = {
			isa = XCBuildConfiguration;
			buildSettings = {
				ALWAYS_SEARCH_USER_PATHS = NO;
				ASSETCATALOG_COMPILER_GENERATE_SWIFT_ASSET_SYMBOL_EXTENSIONS = YES;
				CLANG_ANALYZER_NONNULL = YES;
				CLANG_ANALYZER_NUMBER_OBJECT_CONVERSION = YES_AGGRESSIVE;
				CLANG_CXX_LANGUAGE_STANDARD = "gnu++20";
				CLANG_ENABLE_MODULES = YES;
				CLANG_ENABLE_OBJC_ARC = YES;
				CLANG_ENABLE_OBJC_WEAK = YES;
				CLANG_WARN_BLOCK_CAPTURE_AUTORELEASING = YES;
				CLANG_WARN_BOOL_CONVERSION = YES;
				CLANG_WARN_COMMA = YES;
				CLANG_WARN_CONSTANT_CONVERSION = YES;
				CLANG_WARN_DEPRECATED_OBJC_IMPLEMENTATIONS = YES;
				CLANG_WARN_DIRECT_OBJC_ISA_USAGE = YES_ERROR;
				CLANG_WARN_DOCUMENTATION_COMMENTS = YES;
				CLANG_WARN_EMPTY_BODY = YES;
				CLANG_WARN_ENUM_CONVERSION = YES;
				CLANG_WARN_INFINITE_RECURSION = YES;
				CLANG_WARN_INT_CONVERSION = YES;
				CLANG_WARN_NON_LITERAL_NULL_CONVERSION = YES;
				CLANG_WARN_OBJC_IMPLICIT_RETAIN_SELF = YES;
				CLANG_WARN_OBJC_LITERAL_CONVERSION = YES;
				CLANG_WARN_OBJC_ROOT_CLASS = YES_ERROR;
				CLANG_WARN_QUOTED_INCLUDE_IN_FRAMEWORK_HEADER = YES;
				CLANG_WARN_RANGE_LOOP_ANALYSIS = YES;
				CLANG_WARN_STRICT_PROTOTYPES = YES;
				CLANG_WARN_SUSPICIOUS_MOVE = YES;
				CLANG_WARN_UNGUARDED_AVAILABILITY = YES_AGGRESSIVE;
				CLANG_WARN_UNREACHABLE_CODE = YES;
				CLANG_WARN__DUPLICATE_METHOD_MATCH = YES;
				COPY_PHASE_STRIP = NO;
				DEBUG_INFORMATION_FORMAT = dwarf;
				ENABLE_STRICT_OBJC_MSGSEND = YES;
				ENABLE_TESTABILITY = YES;
				ENABLE_USER_SCRIPT_SANDBOXING = YES;
				GCC_C_LANGUAGE_STANDARD = gnu17;
				GCC_DYNAMIC_NO_PIC = NO;
				GCC_NO_COMMON_BLOCKS = YES;
				GCC_OPTIMIZATION_LEVEL = 0;
				GCC_PREPROCESSOR_DEFINITIONS = (
					"DEBUG=1",
					"$(inherited)",
				);
				GCC_WARN_64_TO_32_BIT_CONVERSION = YES;
				GCC_WARN_ABOUT_RETURN_TYPE = YES_ERROR;
				GCC_WARN_UNDECLARED_SELECTOR = YES;
				GCC_WARN_UNINITIALIZED_AUTOS = YES_AGGRESSIVE;
				GCC_WARN_UNUSED_FUNCTION = YES;
				GCC_WARN_UNUSED_VARIABLE = YES;
				IPHONEOS_DEPLOYMENT_TARGET = 16.4;
				LOCALIZATION_PREFERS_STRING_CATALOGS = YES;
				MTL_ENABLE_DEBUG_INFO = INCLUDE_SOURCE;
				MTL_FAST_MATH = YES;
				ONLY_ACTIVE_ARCH = YES;
				SDKROOT = iphoneos;
				SWIFT_ACTIVE_COMPILATION_CONDITIONS = "DEBUG $(inherited)";
				SWIFT_OPTIMIZATION_LEVEL = "-Onone";
			};
			name = Debug;
		};
		441B21A02B62332400CF4DFF /* Release */ = {
			isa = XCBuildConfiguration;
			buildSettings = {
				ALWAYS_SEARCH_USER_PATHS = NO;
				ASSETCATALOG_COMPILER_GENERATE_SWIFT_ASSET_SYMBOL_EXTENSIONS = YES;
				CLANG_ANALYZER_NONNULL = YES;
				CLANG_ANALYZER_NUMBER_OBJECT_CONVERSION = YES_AGGRESSIVE;
				CLANG_CXX_LANGUAGE_STANDARD = "gnu++20";
				CLANG_ENABLE_MODULES = YES;
				CLANG_ENABLE_OBJC_ARC = YES;
				CLANG_ENABLE_OBJC_WEAK = YES;
				CLANG_WARN_BLOCK_CAPTURE_AUTORELEASING = YES;
				CLANG_WARN_BOOL_CONVERSION = YES;
				CLANG_WARN_COMMA = YES;
				CLANG_WARN_CONSTANT_CONVERSION = YES;
				CLANG_WARN_DEPRECATED_OBJC_IMPLEMENTATIONS = YES;
				CLANG_WARN_DIRECT_OBJC_ISA_USAGE = YES_ERROR;
				CLANG_WARN_DOCUMENTATION_COMMENTS = YES;
				CLANG_WARN_EMPTY_BODY = YES;
				CLANG_WARN_ENUM_CONVERSION = YES;
				CLANG_WARN_INFINITE_RECURSION = YES;
				CLANG_WARN_INT_CONVERSION = YES;
				CLANG_WARN_NON_LITERAL_NULL_CONVERSION = YES;
				CLANG_WARN_OBJC_IMPLICIT_RETAIN_SELF = YES;
				CLANG_WARN_OBJC_LITERAL_CONVERSION = YES;
				CLANG_WARN_OBJC_ROOT_CLASS = YES_ERROR;
				CLANG_WARN_QUOTED_INCLUDE_IN_FRAMEWORK_HEADER = YES;
				CLANG_WARN_RANGE_LOOP_ANALYSIS = YES;
				CLANG_WARN_STRICT_PROTOTYPES = YES;
				CLANG_WARN_SUSPICIOUS_MOVE = YES;
				CLANG_WARN_UNGUARDED_AVAILABILITY = YES_AGGRESSIVE;
				CLANG_WARN_UNREACHABLE_CODE = YES;
				CLANG_WARN__DUPLICATE_METHOD_MATCH = YES;
				COPY_PHASE_STRIP = NO;
				DEBUG_INFORMATION_FORMAT = "dwarf-with-dsym";
				ENABLE_NS_ASSERTIONS = NO;
				ENABLE_STRICT_OBJC_MSGSEND = YES;
				ENABLE_USER_SCRIPT_SANDBOXING = YES;
				GCC_C_LANGUAGE_STANDARD = gnu17;
				GCC_NO_COMMON_BLOCKS = YES;
				GCC_WARN_64_TO_32_BIT_CONVERSION = YES;
				GCC_WARN_ABOUT_RETURN_TYPE = YES_ERROR;
				GCC_WARN_UNDECLARED_SELECTOR = YES;
				GCC_WARN_UNINITIALIZED_AUTOS = YES_AGGRESSIVE;
				GCC_WARN_UNUSED_FUNCTION = YES;
				GCC_WARN_UNUSED_VARIABLE = YES;
				IPHONEOS_DEPLOYMENT_TARGET = 16.4;
				LOCALIZATION_PREFERS_STRING_CATALOGS = YES;
				MTL_ENABLE_DEBUG_INFO = NO;
				MTL_FAST_MATH = YES;
				SDKROOT = iphoneos;
				SWIFT_COMPILATION_MODE = wholemodule;
				VALIDATE_PRODUCT = YES;
			};
			name = Release;
		};
		441B21A22B62332400CF4DFF /* Debug */ = {
			isa = XCBuildConfiguration;
			buildSettings = {
				ASSETCATALOG_COMPILER_APPICON_NAME = AppIcon;
				ASSETCATALOG_COMPILER_GLOBAL_ACCENT_COLOR_NAME = AccentColor;
				CODE_SIGN_STYLE = Automatic;
				CURRENT_PROJECT_VERSION = 1;
				DEVELOPMENT_ASSET_PATHS = "\"TheHapticApp/Preview Content\"";
				DEVELOPMENT_TEAM = E24P6RF94S;
				ENABLE_PREVIEWS = YES;
				GENERATE_INFOPLIST_FILE = YES;
				INFOPLIST_FILE = TheHapticApp/Info.plist;
				INFOPLIST_KEY_CFBundleDisplayName = "The Haptic App";
				INFOPLIST_KEY_UIApplicationSceneManifest_Generation = YES;
				INFOPLIST_KEY_UIApplicationSupportsIndirectInputEvents = YES;
				INFOPLIST_KEY_UILaunchScreen_Generation = YES;
				INFOPLIST_KEY_UISupportedInterfaceOrientations_iPad = "UIInterfaceOrientationPortrait UIInterfaceOrientationPortraitUpsideDown UIInterfaceOrientationLandscapeLeft UIInterfaceOrientationLandscapeRight";
				INFOPLIST_KEY_UISupportedInterfaceOrientations_iPhone = "UIInterfaceOrientationPortrait UIInterfaceOrientationLandscapeLeft UIInterfaceOrientationLandscapeRight";
				IPHONEOS_DEPLOYMENT_TARGET = 16.4;
				LD_RUNPATH_SEARCH_PATHS = (
					"$(inherited)",
					"@executable_path/Frameworks",
				);
				MARKETING_VERSION = 0.4;
				PRODUCT_BUNDLE_IDENTIFIER = com.michael.TheHapticApp;
				PRODUCT_NAME = "$(TARGET_NAME)";
				SUPPORTED_PLATFORMS = "iphoneos iphonesimulator";
				SUPPORTS_MACCATALYST = NO;
				SUPPORTS_MAC_DESIGNED_FOR_IPHONE_IPAD = NO;
				SUPPORTS_XR_DESIGNED_FOR_IPHONE_IPAD = NO;
				SWIFT_EMIT_LOC_STRINGS = YES;
				SWIFT_VERSION = 5.0;
				TARGETED_DEVICE_FAMILY = 1;
			};
			name = Debug;
		};
		441B21A32B62332400CF4DFF /* Release */ = {
			isa = XCBuildConfiguration;
			buildSettings = {
				ASSETCATALOG_COMPILER_APPICON_NAME = AppIcon;
				ASSETCATALOG_COMPILER_GLOBAL_ACCENT_COLOR_NAME = AccentColor;
				CODE_SIGN_STYLE = Automatic;
				CURRENT_PROJECT_VERSION = 1;
				DEVELOPMENT_ASSET_PATHS = "\"TheHapticApp/Preview Content\"";
				DEVELOPMENT_TEAM = E24P6RF94S;
				ENABLE_PREVIEWS = YES;
				GENERATE_INFOPLIST_FILE = YES;
				INFOPLIST_FILE = TheHapticApp/Info.plist;
				INFOPLIST_KEY_CFBundleDisplayName = "The Haptic App";
				INFOPLIST_KEY_UIApplicationSceneManifest_Generation = YES;
				INFOPLIST_KEY_UIApplicationSupportsIndirectInputEvents = YES;
				INFOPLIST_KEY_UILaunchScreen_Generation = YES;
				INFOPLIST_KEY_UISupportedInterfaceOrientations_iPad = "UIInterfaceOrientationPortrait UIInterfaceOrientationPortraitUpsideDown UIInterfaceOrientationLandscapeLeft UIInterfaceOrientationLandscapeRight";
				INFOPLIST_KEY_UISupportedInterfaceOrientations_iPhone = "UIInterfaceOrientationPortrait UIInterfaceOrientationLandscapeLeft UIInterfaceOrientationLandscapeRight";
				IPHONEOS_DEPLOYMENT_TARGET = 16.4;
				LD_RUNPATH_SEARCH_PATHS = (
					"$(inherited)",
					"@executable_path/Frameworks",
				);
				MARKETING_VERSION = 0.4;
				PRODUCT_BUNDLE_IDENTIFIER = com.michael.TheHapticApp;
				PRODUCT_NAME = "$(TARGET_NAME)";
				SUPPORTED_PLATFORMS = "iphoneos iphonesimulator";
				SUPPORTS_MACCATALYST = NO;
				SUPPORTS_MAC_DESIGNED_FOR_IPHONE_IPAD = NO;
				SUPPORTS_XR_DESIGNED_FOR_IPHONE_IPAD = NO;
				SWIFT_EMIT_LOC_STRINGS = YES;
				SWIFT_VERSION = 5.0;
				TARGETED_DEVICE_FAMILY = 1;
			};
			name = Release;
		};
		442F97C52B72BA5A0061C724 /* Debug */ = {
			isa = XCBuildConfiguration;
			buildSettings = {
				BUNDLE_LOADER = "$(TEST_HOST)";
				CODE_SIGN_STYLE = Automatic;
				CURRENT_PROJECT_VERSION = 1;
				DEVELOPMENT_TEAM = E24P6RF94S;
				GENERATE_INFOPLIST_FILE = YES;
				MACOSX_DEPLOYMENT_TARGET = 14.2;
				MARKETING_VERSION = 1.0;
				PRODUCT_BUNDLE_IDENTIFIER = com.michael.TheHapticAppUnitTests;
				PRODUCT_NAME = "$(TARGET_NAME)";
				SDKROOT = macosx;
				SUPPORTED_PLATFORMS = "iphoneos iphonesimulator";
				SUPPORTS_MACCATALYST = NO;
				SWIFT_EMIT_LOC_STRINGS = NO;
				SWIFT_VERSION = 5.0;
				TARGETED_DEVICE_FAMILY = 1;
				TEST_HOST = "$(BUILT_PRODUCTS_DIR)/TheHapticApp.app/$(BUNDLE_EXECUTABLE_FOLDER_PATH)/TheHapticApp";
			};
			name = Debug;
		};
		442F97C62B72BA5A0061C724 /* Release */ = {
			isa = XCBuildConfiguration;
			buildSettings = {
				BUNDLE_LOADER = "$(TEST_HOST)";
				CODE_SIGN_STYLE = Automatic;
				CURRENT_PROJECT_VERSION = 1;
				DEVELOPMENT_TEAM = E24P6RF94S;
				GENERATE_INFOPLIST_FILE = YES;
				MACOSX_DEPLOYMENT_TARGET = 14.2;
				MARKETING_VERSION = 1.0;
				PRODUCT_BUNDLE_IDENTIFIER = com.michael.TheHapticAppUnitTests;
				PRODUCT_NAME = "$(TARGET_NAME)";
				SDKROOT = macosx;
				SUPPORTED_PLATFORMS = "iphoneos iphonesimulator";
				SUPPORTS_MACCATALYST = NO;
				SWIFT_EMIT_LOC_STRINGS = NO;
				SWIFT_VERSION = 5.0;
				TARGETED_DEVICE_FAMILY = 1;
				TEST_HOST = "$(BUILT_PRODUCTS_DIR)/TheHapticApp.app/$(BUNDLE_EXECUTABLE_FOLDER_PATH)/TheHapticApp";
			};
			name = Release;
		};
		442F97D52B72CCCA0061C724 /* Debug */ = {
			isa = XCBuildConfiguration;
			buildSettings = {
				CODE_SIGN_STYLE = Automatic;
				CURRENT_PROJECT_VERSION = 1;
				DEVELOPMENT_TEAM = E24P6RF94S;
				GENERATE_INFOPLIST_FILE = YES;
				MACOSX_DEPLOYMENT_TARGET = 14.2;
				MARKETING_VERSION = 1.0;
				PRODUCT_BUNDLE_IDENTIFIER = com.michael.TheHapticAppUITests;
				PRODUCT_NAME = "$(TARGET_NAME)";
				SDKROOT = macosx;
				SUPPORTED_PLATFORMS = "iphoneos iphonesimulator";
				SUPPORTS_MACCATALYST = NO;
				SWIFT_EMIT_LOC_STRINGS = NO;
				SWIFT_VERSION = 5.0;
				TARGETED_DEVICE_FAMILY = 1;
				TEST_TARGET_NAME = TheHapticApp;
			};
			name = Debug;
		};
		442F97D62B72CCCA0061C724 /* Release */ = {
			isa = XCBuildConfiguration;
			buildSettings = {
				CODE_SIGN_STYLE = Automatic;
				CURRENT_PROJECT_VERSION = 1;
				DEVELOPMENT_TEAM = E24P6RF94S;
				GENERATE_INFOPLIST_FILE = YES;
				MACOSX_DEPLOYMENT_TARGET = 14.2;
				MARKETING_VERSION = 1.0;
				PRODUCT_BUNDLE_IDENTIFIER = com.michael.TheHapticAppUITests;
				PRODUCT_NAME = "$(TARGET_NAME)";
				SDKROOT = macosx;
				SUPPORTED_PLATFORMS = "iphoneos iphonesimulator";
				SUPPORTS_MACCATALYST = NO;
				SWIFT_EMIT_LOC_STRINGS = NO;
				SWIFT_VERSION = 5.0;
				TARGETED_DEVICE_FAMILY = 1;
				TEST_TARGET_NAME = TheHapticApp;
			};
			name = Release;
		};
/* End XCBuildConfiguration section */

/* Begin XCConfigurationList section */
		441B218E2B62332300CF4DFF /* Build configuration list for PBXProject "TheHapticApp" */ = {
			isa = XCConfigurationList;
			buildConfigurations = (
				441B219F2B62332400CF4DFF /* Debug */,
				441B21A02B62332400CF4DFF /* Release */,
			);
			defaultConfigurationIsVisible = 0;
			defaultConfigurationName = Release;
		};
		441B21A12B62332400CF4DFF /* Build configuration list for PBXNativeTarget "TheHapticApp" */ = {
			isa = XCConfigurationList;
			buildConfigurations = (
				441B21A22B62332400CF4DFF /* Debug */,
				441B21A32B62332400CF4DFF /* Release */,
			);
			defaultConfigurationIsVisible = 0;
			defaultConfigurationName = Release;
		};
		442F97C42B72BA5A0061C724 /* Build configuration list for PBXNativeTarget "TheHapticAppUnitTests" */ = {
			isa = XCConfigurationList;
			buildConfigurations = (
				442F97C52B72BA5A0061C724 /* Debug */,
				442F97C62B72BA5A0061C724 /* Release */,
			);
			defaultConfigurationIsVisible = 0;
			defaultConfigurationName = Release;
		};
		442F97D42B72CCCA0061C724 /* Build configuration list for PBXNativeTarget "TheHapticAppUITests" */ = {
			isa = XCConfigurationList;
			buildConfigurations = (
				442F97D52B72CCCA0061C724 /* Debug */,
				442F97D62B72CCCA0061C724 /* Release */,
			);
			defaultConfigurationIsVisible = 0;
			defaultConfigurationName = Release;
		};
/* End XCConfigurationList section */

/* Begin XCRemoteSwiftPackageReference section */
		4450CA082B685069008093B6 /* XCRemoteSwiftPackageReference "purchases-ios" */ = {
			isa = XCRemoteSwiftPackageReference;
			repositoryURL = "https://github.com/RevenueCat/purchases-ios.git";
			requirement = {
				kind = upToNextMajorVersion;
				minimumVersion = 4.32.3;
			};
		};
/* End XCRemoteSwiftPackageReference section */

/* Begin XCSwiftPackageProductDependency section */
		4450CA092B685069008093B6 /* RevenueCat */ = {
			isa = XCSwiftPackageProductDependency;
			package = 4450CA082B685069008093B6 /* XCRemoteSwiftPackageReference "purchases-ios" */;
			productName = RevenueCat;
		};
		4450CA0B2B685069008093B6 /* RevenueCatUI */ = {
			isa = XCSwiftPackageProductDependency;
			package = 4450CA082B685069008093B6 /* XCRemoteSwiftPackageReference "purchases-ios" */;
			productName = RevenueCatUI;
		};
/* End XCSwiftPackageProductDependency section */
	};
	rootObject = 441B218B2B62332300CF4DFF /* Project object */;
}
